// !$*UTF8*$!
{
	archiveVersion = 1;
	classes = {
	};
	objectVersion = 48;
	objects = {

/* Begin PBXBuildFile section */
		1C9B14924B80E108F4305D7C /* libPods-SP_UnitTestUITests.a in Frameworks */ = {isa = PBXBuildFile; fileRef = 504E07BEDD98BC0A86C635C0 /* libPods-SP_UnitTestUITests.a */; };
		24F1835D205A5B8D007E93A5 /* AppDelegate.m in Sources */ = {isa = PBXBuildFile; fileRef = 24F1835C205A5B8D007E93A5 /* AppDelegate.m */; };
		24F18360205A5B8D007E93A5 /* ViewController.m in Sources */ = {isa = PBXBuildFile; fileRef = 24F1835F205A5B8D007E93A5 /* ViewController.m */; };
		24F18363205A5B8D007E93A5 /* Main.storyboard in Resources */ = {isa = PBXBuildFile; fileRef = 24F18361205A5B8D007E93A5 /* Main.storyboard */; };
		24F18365205A5B8D007E93A5 /* Assets.xcassets in Resources */ = {isa = PBXBuildFile; fileRef = 24F18364205A5B8D007E93A5 /* Assets.xcassets */; };
		24F18368205A5B8D007E93A5 /* LaunchScreen.storyboard in Resources */ = {isa = PBXBuildFile; fileRef = 24F18366205A5B8D007E93A5 /* LaunchScreen.storyboard */; };
		24F1836B205A5B8D007E93A5 /* main.m in Sources */ = {isa = PBXBuildFile; fileRef = 24F1836A205A5B8D007E93A5 /* main.m */; };
		24F18375205A5B8D007E93A5 /* SP_UnitTestTests.m in Sources */ = {isa = PBXBuildFile; fileRef = 24F18374205A5B8D007E93A5 /* SP_UnitTestTests.m */; };
		24F18380205A5B8E007E93A5 /* SP_UnitTestUITests.m in Sources */ = {isa = PBXBuildFile; fileRef = 24F1837F205A5B8E007E93A5 /* SP_UnitTestUITests.m */; };
		3378D3C25ECEB084D859436A /* libPods-SP_UnitTestTests.a in Frameworks */ = {isa = PBXBuildFile; fileRef = 8A50B1FCEC33DA9C87D2736E /* libPods-SP_UnitTestTests.a */; };
		4CFAAB442062293300397ACC /* viewControllerTest.m in Sources */ = {isa = PBXBuildFile; fileRef = 4CFAAB432062293300397ACC /* viewControllerTest.m */; };
		A05A4C8AB5EF228D650B232D /* libPods-SP_UnitTest.a in Frameworks */ = {isa = PBXBuildFile; fileRef = B73C2E58A07BF89E6143804F /* libPods-SP_UnitTest.a */; };
/* End PBXBuildFile section */

/* Begin PBXContainerItemProxy section */
		24F18371205A5B8D007E93A5 /* PBXContainerItemProxy */ = {
			isa = PBXContainerItemProxy;
			containerPortal = 24F18350205A5B8D007E93A5 /* Project object */;
			proxyType = 1;
			remoteGlobalIDString = 24F18357205A5B8D007E93A5;
			remoteInfo = SP_UnitTest;
		};
		24F1837C205A5B8E007E93A5 /* PBXContainerItemProxy */ = {
			isa = PBXContainerItemProxy;
			containerPortal = 24F18350205A5B8D007E93A5 /* Project object */;
			proxyType = 1;
			remoteGlobalIDString = 24F18357205A5B8D007E93A5;
			remoteInfo = SP_UnitTest;
		};
/* End PBXContainerItemProxy section */

/* Begin PBXFileReference section */
		1046E7AA6AA4EF44608C40AE /* Pods-SP_UnitTestTests.debug.xcconfig */ = {isa = PBXFileReference; includeInIndex = 1; lastKnownFileType = text.xcconfig; name = "Pods-SP_UnitTestTests.debug.xcconfig"; path = "Pods/Target Support Files/Pods-SP_UnitTestTests/Pods-SP_UnitTestTests.debug.xcconfig"; sourceTree = "<group>"; };
		24F18358205A5B8D007E93A5 /* SP_UnitTest.app */ = {isa = PBXFileReference; explicitFileType = wrapper.application; includeInIndex = 0; path = SP_UnitTest.app; sourceTree = BUILT_PRODUCTS_DIR; };
		24F1835B205A5B8D007E93A5 /* AppDelegate.h */ = {isa = PBXFileReference; lastKnownFileType = sourcecode.c.h; path = AppDelegate.h; sourceTree = "<group>"; };
		24F1835C205A5B8D007E93A5 /* AppDelegate.m */ = {isa = PBXFileReference; lastKnownFileType = sourcecode.c.objc; path = AppDelegate.m; sourceTree = "<group>"; };
		24F1835E205A5B8D007E93A5 /* ViewController.h */ = {isa = PBXFileReference; lastKnownFileType = sourcecode.c.h; path = ViewController.h; sourceTree = "<group>"; };
		24F1835F205A5B8D007E93A5 /* ViewController.m */ = {isa = PBXFileReference; lastKnownFileType = sourcecode.c.objc; path = ViewController.m; sourceTree = "<group>"; };
		24F18362205A5B8D007E93A5 /* Base */ = {isa = PBXFileReference; lastKnownFileType = file.storyboard; name = Base; path = Base.lproj/Main.storyboard; sourceTree = "<group>"; };
		24F18364205A5B8D007E93A5 /* Assets.xcassets */ = {isa = PBXFileReference; lastKnownFileType = folder.assetcatalog; path = Assets.xcassets; sourceTree = "<group>"; };
		24F18367205A5B8D007E93A5 /* Base */ = {isa = PBXFileReference; lastKnownFileType = file.storyboard; name = Base; path = Base.lproj/LaunchScreen.storyboard; sourceTree = "<group>"; };
		24F18369205A5B8D007E93A5 /* Info.plist */ = {isa = PBXFileReference; lastKnownFileType = text.plist.xml; path = Info.plist; sourceTree = "<group>"; };
		24F1836A205A5B8D007E93A5 /* main.m */ = {isa = PBXFileReference; lastKnownFileType = sourcecode.c.objc; path = main.m; sourceTree = "<group>"; };
		24F18370205A5B8D007E93A5 /* SP_UnitTestTests.xctest */ = {isa = PBXFileReference; explicitFileType = wrapper.cfbundle; includeInIndex = 0; path = SP_UnitTestTests.xctest; sourceTree = BUILT_PRODUCTS_DIR; };
		24F18374205A5B8D007E93A5 /* SP_UnitTestTests.m */ = {isa = PBXFileReference; lastKnownFileType = sourcecode.c.objc; path = SP_UnitTestTests.m; sourceTree = "<group>"; };
		24F18376205A5B8D007E93A5 /* Info.plist */ = {isa = PBXFileReference; lastKnownFileType = text.plist.xml; path = Info.plist; sourceTree = "<group>"; };
		24F1837B205A5B8E007E93A5 /* SP_UnitTestUITests.xctest */ = {isa = PBXFileReference; explicitFileType = wrapper.cfbundle; includeInIndex = 0; path = SP_UnitTestUITests.xctest; sourceTree = BUILT_PRODUCTS_DIR; };
		24F1837F205A5B8E007E93A5 /* SP_UnitTestUITests.m */ = {isa = PBXFileReference; lastKnownFileType = sourcecode.c.objc; path = SP_UnitTestUITests.m; sourceTree = "<group>"; };
		24F18381205A5B8E007E93A5 /* Info.plist */ = {isa = PBXFileReference; lastKnownFileType = text.plist.xml; path = Info.plist; sourceTree = "<group>"; };
		46B9B4008CDC2623A472C38A /* Pods-SP_UnitTest.release.xcconfig */ = {isa = PBXFileReference; includeInIndex = 1; lastKnownFileType = text.xcconfig; name = "Pods-SP_UnitTest.release.xcconfig"; path = "Pods/Target Support Files/Pods-SP_UnitTest/Pods-SP_UnitTest.release.xcconfig"; sourceTree = "<group>"; };
		4CFAAB432062293300397ACC /* viewControllerTest.m */ = {isa = PBXFileReference; lastKnownFileType = sourcecode.c.objc; path = viewControllerTest.m; sourceTree = "<group>"; };
		504E07BEDD98BC0A86C635C0 /* libPods-SP_UnitTestUITests.a */ = {isa = PBXFileReference; explicitFileType = archive.ar; includeInIndex = 0; path = "libPods-SP_UnitTestUITests.a"; sourceTree = BUILT_PRODUCTS_DIR; };
		53D9266EB8BCDB13E03769CA /* Pods-SP_UnitTestTests.release.xcconfig */ = {isa = PBXFileReference; includeInIndex = 1; lastKnownFileType = text.xcconfig; name = "Pods-SP_UnitTestTests.release.xcconfig"; path = "Pods/Target Support Files/Pods-SP_UnitTestTests/Pods-SP_UnitTestTests.release.xcconfig"; sourceTree = "<group>"; };
		778D081EB40475F6BB01EABE /* Pods-SP_UnitTestUITests.debug.xcconfig */ = {isa = PBXFileReference; includeInIndex = 1; lastKnownFileType = text.xcconfig; name = "Pods-SP_UnitTestUITests.debug.xcconfig"; path = "Pods/Target Support Files/Pods-SP_UnitTestUITests/Pods-SP_UnitTestUITests.debug.xcconfig"; sourceTree = "<group>"; };
		8A50B1FCEC33DA9C87D2736E /* libPods-SP_UnitTestTests.a */ = {isa = PBXFileReference; explicitFileType = archive.ar; includeInIndex = 0; path = "libPods-SP_UnitTestTests.a"; sourceTree = BUILT_PRODUCTS_DIR; };
		A9A1CD92E11AD9D6A22AA90F /* Pods-SP_UnitTestUITests.release.xcconfig */ = {isa = PBXFileReference; includeInIndex = 1; lastKnownFileType = text.xcconfig; name = "Pods-SP_UnitTestUITests.release.xcconfig"; path = "Pods/Target Support Files/Pods-SP_UnitTestUITests/Pods-SP_UnitTestUITests.release.xcconfig"; sourceTree = "<group>"; };
		B73C2E58A07BF89E6143804F /* libPods-SP_UnitTest.a */ = {isa = PBXFileReference; explicitFileType = archive.ar; includeInIndex = 0; path = "libPods-SP_UnitTest.a"; sourceTree = BUILT_PRODUCTS_DIR; };
		BE9CF0FE1718A96CD90D15D9 /* Pods-SP_UnitTest.debug.xcconfig */ = {isa = PBXFileReference; includeInIndex = 1; lastKnownFileType = text.xcconfig; name = "Pods-SP_UnitTest.debug.xcconfig"; path = "Pods/Target Support Files/Pods-SP_UnitTest/Pods-SP_UnitTest.debug.xcconfig"; sourceTree = "<group>"; };
/* End PBXFileReference section */

/* Begin PBXFrameworksBuildPhase section */
		24F18355205A5B8D007E93A5 /* Frameworks */ = {
			isa = PBXFrameworksBuildPhase;
			buildActionMask = 2147483647;
			files = (
				A05A4C8AB5EF228D650B232D /* libPods-SP_UnitTest.a in Frameworks */,
			);
			runOnlyForDeploymentPostprocessing = 0;
		};
		24F1836D205A5B8D007E93A5 /* Frameworks */ = {
			isa = PBXFrameworksBuildPhase;
			buildActionMask = 2147483647;
			files = (
				3378D3C25ECEB084D859436A /* libPods-SP_UnitTestTests.a in Frameworks */,
			);
			runOnlyForDeploymentPostprocessing = 0;
		};
		24F18378205A5B8E007E93A5 /* Frameworks */ = {
			isa = PBXFrameworksBuildPhase;
			buildActionMask = 2147483647;
			files = (
				1C9B14924B80E108F4305D7C /* libPods-SP_UnitTestUITests.a in Frameworks */,
			);
			runOnlyForDeploymentPostprocessing = 0;
		};
/* End PBXFrameworksBuildPhase section */

/* Begin PBXGroup section */
		060BA18182BC8BC1DCF88398 /* Pods */ = {
			isa = PBXGroup;
			children = (
				BE9CF0FE1718A96CD90D15D9 /* Pods-SP_UnitTest.debug.xcconfig */,
				46B9B4008CDC2623A472C38A /* Pods-SP_UnitTest.release.xcconfig */,
				1046E7AA6AA4EF44608C40AE /* Pods-SP_UnitTestTests.debug.xcconfig */,
				53D9266EB8BCDB13E03769CA /* Pods-SP_UnitTestTests.release.xcconfig */,
				778D081EB40475F6BB01EABE /* Pods-SP_UnitTestUITests.debug.xcconfig */,
				A9A1CD92E11AD9D6A22AA90F /* Pods-SP_UnitTestUITests.release.xcconfig */,
			);
			name = Pods;
			sourceTree = "<group>";
		};
		24F1834F205A5B8D007E93A5 = {
			isa = PBXGroup;
			children = (
				24F1835A205A5B8D007E93A5 /* SP_UnitTest */,
				24F18373205A5B8D007E93A5 /* SP_UnitTestTests */,
				24F1837E205A5B8E007E93A5 /* SP_UnitTestUITests */,
				24F18359205A5B8D007E93A5 /* Products */,
				060BA18182BC8BC1DCF88398 /* Pods */,
				F72C18E8701ABF542B9B0F01 /* Frameworks */,
			);
			sourceTree = "<group>";
		};
		24F18359205A5B8D007E93A5 /* Products */ = {
			isa = PBXGroup;
			children = (
				24F18358205A5B8D007E93A5 /* SP_UnitTest.app */,
				24F18370205A5B8D007E93A5 /* SP_UnitTestTests.xctest */,
				24F1837B205A5B8E007E93A5 /* SP_UnitTestUITests.xctest */,
			);
			name = Products;
			sourceTree = "<group>";
		};
		24F1835A205A5B8D007E93A5 /* SP_UnitTest */ = {
			isa = PBXGroup;
			children = (
				24F1835B205A5B8D007E93A5 /* AppDelegate.h */,
				24F1835C205A5B8D007E93A5 /* AppDelegate.m */,
				24F1835E205A5B8D007E93A5 /* ViewController.h */,
				24F1835F205A5B8D007E93A5 /* ViewController.m */,
				24F18361205A5B8D007E93A5 /* Main.storyboard */,
				24F18364205A5B8D007E93A5 /* Assets.xcassets */,
				24F18366205A5B8D007E93A5 /* LaunchScreen.storyboard */,
				24F18369205A5B8D007E93A5 /* Info.plist */,
				24F1836A205A5B8D007E93A5 /* main.m */,
			);
			path = SP_UnitTest;
			sourceTree = "<group>";
		};
		24F18373205A5B8D007E93A5 /* SP_UnitTestTests */ = {
			isa = PBXGroup;
			children = (
				24F18374205A5B8D007E93A5 /* SP_UnitTestTests.m */,
				4CFAAB432062293300397ACC /* viewControllerTest.m */,
				24F18376205A5B8D007E93A5 /* Info.plist */,
			);
			path = SP_UnitTestTests;
			sourceTree = "<group>";
		};
		24F1837E205A5B8E007E93A5 /* SP_UnitTestUITests */ = {
			isa = PBXGroup;
			children = (
				24F1837F205A5B8E007E93A5 /* SP_UnitTestUITests.m */,
				24F18381205A5B8E007E93A5 /* Info.plist */,
			);
			path = SP_UnitTestUITests;
			sourceTree = "<group>";
		};
		F72C18E8701ABF542B9B0F01 /* Frameworks */ = {
			isa = PBXGroup;
			children = (
				B73C2E58A07BF89E6143804F /* libPods-SP_UnitTest.a */,
				8A50B1FCEC33DA9C87D2736E /* libPods-SP_UnitTestTests.a */,
				504E07BEDD98BC0A86C635C0 /* libPods-SP_UnitTestUITests.a */,
			);
			name = Frameworks;
			sourceTree = "<group>";
		};
/* End PBXGroup section */

/* Begin PBXNativeTarget section */
		24F18357205A5B8D007E93A5 /* SP_UnitTest */ = {
			isa = PBXNativeTarget;
			buildConfigurationList = 24F18384205A5B8E007E93A5 /* Build configuration list for PBXNativeTarget "SP_UnitTest" */;
			buildPhases = (
				02AFCA33677D740BCE0E37D9 /* [CP] Check Pods Manifest.lock */,
				24F18354205A5B8D007E93A5 /* Sources */,
				24F18355205A5B8D007E93A5 /* Frameworks */,
				24F18356205A5B8D007E93A5 /* Resources */,
				CF1A83B280FD9CBA552139D5 /* [CP] Embed Pods Frameworks */,
				617DCA3146FA6BDB60B7A5F4 /* [CP] Copy Pods Resources */,
			);
			buildRules = (
			);
			dependencies = (
			);
			name = SP_UnitTest;
			productName = SP_UnitTest;
			productReference = 24F18358205A5B8D007E93A5 /* SP_UnitTest.app */;
			productType = "com.apple.product-type.application";
		};
		24F1836F205A5B8D007E93A5 /* SP_UnitTestTests */ = {
			isa = PBXNativeTarget;
			buildConfigurationList = 24F18387205A5B8E007E93A5 /* Build configuration list for PBXNativeTarget "SP_UnitTestTests" */;
			buildPhases = (
				D224C9FB2D4791D67346636D /* [CP] Check Pods Manifest.lock */,
				24F1836C205A5B8D007E93A5 /* Sources */,
				24F1836D205A5B8D007E93A5 /* Frameworks */,
				24F1836E205A5B8D007E93A5 /* Resources */,
				0ADD926469B8187B5BA3600E /* [CP] Embed Pods Frameworks */,
				71DC1BD7A17341BE4C85B0DD /* [CP] Copy Pods Resources */,
			);
			buildRules = (
			);
			dependencies = (
				24F18372205A5B8D007E93A5 /* PBXTargetDependency */,
			);
			name = SP_UnitTestTests;
			productName = SP_UnitTestTests;
			productReference = 24F18370205A5B8D007E93A5 /* SP_UnitTestTests.xctest */;
			productType = "com.apple.product-type.bundle.unit-test";
		};
		24F1837A205A5B8E007E93A5 /* SP_UnitTestUITests */ = {
			isa = PBXNativeTarget;
			buildConfigurationList = 24F1838A205A5B8E007E93A5 /* Build configuration list for PBXNativeTarget "SP_UnitTestUITests" */;
			buildPhases = (
				78C10B52A27E9CC761186B27 /* [CP] Check Pods Manifest.lock */,
				24F18377205A5B8E007E93A5 /* Sources */,
				24F18378205A5B8E007E93A5 /* Frameworks */,
				24F18379205A5B8E007E93A5 /* Resources */,
				7842F0C00ACE6F21EC698381 /* [CP] Embed Pods Frameworks */,
				5CCB7AF640EED336D8B22D24 /* [CP] Copy Pods Resources */,
			);
			buildRules = (
			);
			dependencies = (
				24F1837D205A5B8E007E93A5 /* PBXTargetDependency */,
			);
			name = SP_UnitTestUITests;
			productName = SP_UnitTestUITests;
			productReference = 24F1837B205A5B8E007E93A5 /* SP_UnitTestUITests.xctest */;
			productType = "com.apple.product-type.bundle.ui-testing";
		};
/* End PBXNativeTarget section */

/* Begin PBXProject section */
		24F18350205A5B8D007E93A5 /* Project object */ = {
			isa = PBXProject;
			attributes = {
				LastUpgradeCheck = 0920;
				ORGANIZATIONNAME = Eleven_Liu;
				TargetAttributes = {
					24F18357205A5B8D007E93A5 = {
						CreatedOnToolsVersion = 9.2;
						ProvisioningStyle = Automatic;
					};
					24F1836F205A5B8D007E93A5 = {
						CreatedOnToolsVersion = 9.2;
						ProvisioningStyle = Automatic;
						TestTargetID = 24F18357205A5B8D007E93A5;
					};
					24F1837A205A5B8E007E93A5 = {
						CreatedOnToolsVersion = 9.2;
						ProvisioningStyle = Automatic;
						TestTargetID = 24F18357205A5B8D007E93A5;
					};
				};
			};
			buildConfigurationList = 24F18353205A5B8D007E93A5 /* Build configuration list for PBXProject "SP_UnitTest" */;
			compatibilityVersion = "Xcode 8.0";
			developmentRegion = en;
			hasScannedForEncodings = 0;
			knownRegions = (
				en,
				Base,
			);
			mainGroup = 24F1834F205A5B8D007E93A5;
			productRefGroup = 24F18359205A5B8D007E93A5 /* Products */;
			projectDirPath = "";
			projectRoot = "";
			targets = (
				24F18357205A5B8D007E93A5 /* SP_UnitTest */,
				24F1836F205A5B8D007E93A5 /* SP_UnitTestTests */,
				24F1837A205A5B8E007E93A5 /* SP_UnitTestUITests */,
			);
		};
/* End PBXProject section */

/* Begin PBXResourcesBuildPhase section */
		24F18356205A5B8D007E93A5 /* Resources */ = {
			isa = PBXResourcesBuildPhase;
			buildActionMask = 2147483647;
			files = (
				24F18368205A5B8D007E93A5 /* LaunchScreen.storyboard in Resources */,
				24F18365205A5B8D007E93A5 /* Assets.xcassets in Resources */,
				24F18363205A5B8D007E93A5 /* Main.storyboard in Resources */,
			);
			runOnlyForDeploymentPostprocessing = 0;
		};
		24F1836E205A5B8D007E93A5 /* Resources */ = {
			isa = PBXResourcesBuildPhase;
			buildActionMask = 2147483647;
			files = (
			);
			runOnlyForDeploymentPostprocessing = 0;
		};
		24F18379205A5B8E007E93A5 /* Resources */ = {
			isa = PBXResourcesBuildPhase;
			buildActionMask = 2147483647;
			files = (
			);
			runOnlyForDeploymentPostprocessing = 0;
		};
/* End PBXResourcesBuildPhase section */

/* Begin PBXShellScriptBuildPhase section */
		02AFCA33677D740BCE0E37D9 /* [CP] Check Pods Manifest.lock */ = {
			isa = PBXShellScriptBuildPhase;
			buildActionMask = 2147483647;
			files = (
			);
			inputPaths = (
				"${PODS_PODFILE_DIR_PATH}/Podfile.lock",
				"${PODS_ROOT}/Manifest.lock",
			);
			name = "[CP] Check Pods Manifest.lock";
			outputPaths = (
				"$(DERIVED_FILE_DIR)/Pods-SP_UnitTest-checkManifestLockResult.txt",
			);
			runOnlyForDeploymentPostprocessing = 0;
			shellPath = /bin/sh;
			shellScript = "diff \"${PODS_PODFILE_DIR_PATH}/Podfile.lock\" \"${PODS_ROOT}/Manifest.lock\" > /dev/null\nif [ $? != 0 ] ; then\n    # print error to STDERR\n    echo \"error: The sandbox is not in sync with the Podfile.lock. Run 'pod install' or update your CocoaPods installation.\" >&2\n    exit 1\nfi\n# This output is used by Xcode 'outputs' to avoid re-running this script phase.\necho \"SUCCESS\" > \"${SCRIPT_OUTPUT_FILE_0}\"\n";
			showEnvVarsInLog = 0;
		};
		0ADD926469B8187B5BA3600E /* [CP] Embed Pods Frameworks */ = {
			isa = PBXShellScriptBuildPhase;
			buildActionMask = 2147483647;
			files = (
			);
			inputPaths = (
			);
			name = "[CP] Embed Pods Frameworks";
			outputPaths = (
			);
			runOnlyForDeploymentPostprocessing = 0;
			shellPath = /bin/sh;
			shellScript = "\"${SRCROOT}/Pods/Target Support Files/Pods-SP_UnitTestTests/Pods-SP_UnitTestTests-frameworks.sh\"\n";
			showEnvVarsInLog = 0;
		};
		5CCB7AF640EED336D8B22D24 /* [CP] Copy Pods Resources */ = {
			isa = PBXShellScriptBuildPhase;
			buildActionMask = 2147483647;
			files = (
			);
			inputPaths = (
				"${SRCROOT}/Pods/Target Support Files/Pods-SP_UnitTestUITests/Pods-SP_UnitTestUITests-resources.sh",
				"${PODS_CONFIGURATION_BUILD_DIR}/STAlertView/STAlertView.bundle",
			);
			name = "[CP] Copy Pods Resources";
			outputPaths = (
				"${TARGET_BUILD_DIR}/${UNLOCALIZED_RESOURCES_FOLDER_PATH}/STAlertView.bundle",
			);
			runOnlyForDeploymentPostprocessing = 0;
			shellPath = /bin/sh;
			shellScript = "\"${SRCROOT}/Pods/Target Support Files/Pods-SP_UnitTestUITests/Pods-SP_UnitTestUITests-resources.sh\"\n";
			showEnvVarsInLog = 0;
		};
		617DCA3146FA6BDB60B7A5F4 /* [CP] Copy Pods Resources */ = {
			isa = PBXShellScriptBuildPhase;
			buildActionMask = 2147483647;
			files = (
			);
			inputPaths = (
			);
			name = "[CP] Copy Pods Resources";
			outputPaths = (
			);
			runOnlyForDeploymentPostprocessing = 0;
			shellPath = /bin/sh;
			shellScript = "\"${SRCROOT}/Pods/Target Support Files/Pods-SP_UnitTest/Pods-SP_UnitTest-resources.sh\"\n";
			showEnvVarsInLog = 0;
		};
		71DC1BD7A17341BE4C85B0DD /* [CP] Copy Pods Resources */ = {
			isa = PBXShellScriptBuildPhase;
			buildActionMask = 2147483647;
			files = (
			);
			inputPaths = (
				"${SRCROOT}/Pods/Target Support Files/Pods-SP_UnitTestTests/Pods-SP_UnitTestTests-resources.sh",
				"${PODS_CONFIGURATION_BUILD_DIR}/STAlertView/STAlertView.bundle",
			);
			name = "[CP] Copy Pods Resources";
			outputPaths = (
				"${TARGET_BUILD_DIR}/${UNLOCALIZED_RESOURCES_FOLDER_PATH}/STAlertView.bundle",
			);
			runOnlyForDeploymentPostprocessing = 0;
			shellPath = /bin/sh;
			shellScript = "\"${SRCROOT}/Pods/Target Support Files/Pods-SP_UnitTestTests/Pods-SP_UnitTestTests-resources.sh\"\n";
			showEnvVarsInLog = 0;
		};
		7842F0C00ACE6F21EC698381 /* [CP] Embed Pods Frameworks */ = {
			isa = PBXShellScriptBuildPhase;
			buildActionMask = 2147483647;
			files = (
			);
			inputPaths = (
			);
			name = "[CP] Embed Pods Frameworks";
			outputPaths = (
			);
			runOnlyForDeploymentPostprocessing = 0;
			shellPath = /bin/sh;
			shellScript = "\"${SRCROOT}/Pods/Target Support Files/Pods-SP_UnitTestUITests/Pods-SP_UnitTestUITests-frameworks.sh\"\n";
			showEnvVarsInLog = 0;
		};
		78C10B52A27E9CC761186B27 /* [CP] Check Pods Manifest.lock */ = {
			isa = PBXShellScriptBuildPhase;
			buildActionMask = 2147483647;
			files = (
			);
			inputPaths = (
				"${PODS_PODFILE_DIR_PATH}/Podfile.lock",
				"${PODS_ROOT}/Manifest.lock",
			);
			name = "[CP] Check Pods Manifest.lock";
			outputPaths = (
				"$(DERIVED_FILE_DIR)/Pods-SP_UnitTestUITests-checkManifestLockResult.txt",
			);
			runOnlyForDeploymentPostprocessing = 0;
			shellPath = /bin/sh;
			shellScript = "diff \"${PODS_PODFILE_DIR_PATH}/Podfile.lock\" \"${PODS_ROOT}/Manifest.lock\" > /dev/null\nif [ $? != 0 ] ; then\n    # print error to STDERR\n    echo \"error: The sandbox is not in sync with the Podfile.lock. Run 'pod install' or update your CocoaPods installation.\" >&2\n    exit 1\nfi\n# This output is used by Xcode 'outputs' to avoid re-running this script phase.\necho \"SUCCESS\" > \"${SCRIPT_OUTPUT_FILE_0}\"\n";
			showEnvVarsInLog = 0;
		};
		CF1A83B280FD9CBA552139D5 /* [CP] Embed Pods Frameworks */ = {
			isa = PBXShellScriptBuildPhase;
			buildActionMask = 2147483647;
			files = (
			);
			inputPaths = (
			);
			name = "[CP] Embed Pods Frameworks";
			outputPaths = (
			);
			runOnlyForDeploymentPostprocessing = 0;
			shellPath = /bin/sh;
			shellScript = "\"${SRCROOT}/Pods/Target Support Files/Pods-SP_UnitTest/Pods-SP_UnitTest-frameworks.sh\"\n";
			showEnvVarsInLog = 0;
		};
		D224C9FB2D4791D67346636D /* [CP] Check Pods Manifest.lock */ = {
			isa = PBXShellScriptBuildPhase;
			buildActionMask = 2147483647;
			files = (
			);
			inputPaths = (
				"${PODS_PODFILE_DIR_PATH}/Podfile.lock",
				"${PODS_ROOT}/Manifest.lock",
			);
			name = "[CP] Check Pods Manifest.lock";
			outputPaths = (
				"$(DERIVED_FILE_DIR)/Pods-SP_UnitTestTests-checkManifestLockResult.txt",
			);
			runOnlyForDeploymentPostprocessing = 0;
			shellPath = /bin/sh;
			shellScript = "diff \"${PODS_PODFILE_DIR_PATH}/Podfile.lock\" \"${PODS_ROOT}/Manifest.lock\" > /dev/null\nif [ $? != 0 ] ; then\n    # print error to STDERR\n    echo \"error: The sandbox is not in sync with the Podfile.lock. Run 'pod install' or update your CocoaPods installation.\" >&2\n    exit 1\nfi\n# This output is used by Xcode 'outputs' to avoid re-running this script phase.\necho \"SUCCESS\" > \"${SCRIPT_OUTPUT_FILE_0}\"\n";
			showEnvVarsInLog = 0;
		};
/* End PBXShellScriptBuildPhase section */

/* Begin PBXSourcesBuildPhase section */
		24F18354205A5B8D007E93A5 /* Sources */ = {
			isa = PBXSourcesBuildPhase;
			buildActionMask = 2147483647;
			files = (
				24F18360205A5B8D007E93A5 /* ViewController.m in Sources */,
				24F1836B205A5B8D007E93A5 /* main.m in Sources */,
				24F1835D205A5B8D007E93A5 /* AppDelegate.m in Sources */,
			);
			runOnlyForDeploymentPostprocessing = 0;
		};
		24F1836C205A5B8D007E93A5 /* Sources */ = {
			isa = PBXSourcesBuildPhase;
			buildActionMask = 2147483647;
			files = (
				4CFAAB442062293300397ACC /* viewControllerTest.m in Sources */,
				24F18375205A5B8D007E93A5 /* SP_UnitTestTests.m in Sources */,
			);
			runOnlyForDeploymentPostprocessing = 0;
		};
		24F18377205A5B8E007E93A5 /* Sources */ = {
			isa = PBXSourcesBuildPhase;
			buildActionMask = 2147483647;
			files = (
				24F18380205A5B8E007E93A5 /* SP_UnitTestUITests.m in Sources */,
			);
			runOnlyForDeploymentPostprocessing = 0;
		};
/* End PBXSourcesBuildPhase section */

/* Begin PBXTargetDependency section */
		24F18372205A5B8D007E93A5 /* PBXTargetDependency */ = {
			isa = PBXTargetDependency;
			target = 24F18357205A5B8D007E93A5 /* SP_UnitTest */;
			targetProxy = 24F18371205A5B8D007E93A5 /* PBXContainerItemProxy */;
		};
		24F1837D205A5B8E007E93A5 /* PBXTargetDependency */ = {
			isa = PBXTargetDependency;
			target = 24F18357205A5B8D007E93A5 /* SP_UnitTest */;
			targetProxy = 24F1837C205A5B8E007E93A5 /* PBXContainerItemProxy */;
		};
/* End PBXTargetDependency section */

/* Begin PBXVariantGroup section */
		24F18361205A5B8D007E93A5 /* Main.storyboard */ = {
			isa = PBXVariantGroup;
			children = (
				24F18362205A5B8D007E93A5 /* Base */,
			);
			name = Main.storyboard;
			sourceTree = "<group>";
		};
		24F18366205A5B8D007E93A5 /* LaunchScreen.storyboard */ = {
			isa = PBXVariantGroup;
			children = (
				24F18367205A5B8D007E93A5 /* Base */,
			);
			name = LaunchScreen.storyboard;
			sourceTree = "<group>";
		};
/* End PBXVariantGroup section */

/* Begin XCBuildConfiguration section */
		24F18382205A5B8E007E93A5 /* Debug */ = {
			isa = XCBuildConfiguration;
			buildSettings = {
				ALWAYS_SEARCH_USER_PATHS = NO;
				CLANG_ANALYZER_NONNULL = YES;
				CLANG_ANALYZER_NUMBER_OBJECT_CONVERSION = YES_AGGRESSIVE;
				CLANG_CXX_LANGUAGE_STANDARD = "gnu++14";
				CLANG_CXX_LIBRARY = "libc++";
				CLANG_ENABLE_MODULES = YES;
				CLANG_ENABLE_OBJC_ARC = YES;
				CLANG_WARN_BLOCK_CAPTURE_AUTORELEASING = YES;
				CLANG_WARN_BOOL_CONVERSION = YES;
				CLANG_WARN_COMMA = YES;
				CLANG_WARN_CONSTANT_CONVERSION = YES;
				CLANG_WARN_DIRECT_OBJC_ISA_USAGE = YES_ERROR;
				CLANG_WARN_DOCUMENTATION_COMMENTS = YES;
				CLANG_WARN_EMPTY_BODY = YES;
				CLANG_WARN_ENUM_CONVERSION = YES;
				CLANG_WARN_INFINITE_RECURSION = YES;
				CLANG_WARN_INT_CONVERSION = YES;
				CLANG_WARN_NON_LITERAL_NULL_CONVERSION = YES;
				CLANG_WARN_OBJC_LITERAL_CONVERSION = YES;
				CLANG_WARN_OBJC_ROOT_CLASS = YES_ERROR;
				CLANG_WARN_RANGE_LOOP_ANALYSIS = YES;
				CLANG_WARN_STRICT_PROTOTYPES = YES;
				CLANG_WARN_SUSPICIOUS_MOVE = YES;
				CLANG_WARN_UNGUARDED_AVAILABILITY = YES_AGGRESSIVE;
				CLANG_WARN_UNREACHABLE_CODE = YES;
				CLANG_WARN__DUPLICATE_METHOD_MATCH = YES;
				CODE_SIGN_IDENTITY = "iPhone Developer";
				COPY_PHASE_STRIP = NO;
				DEBUG_INFORMATION_FORMAT = dwarf;
				ENABLE_STRICT_OBJC_MSGSEND = YES;
				ENABLE_TESTABILITY = YES;
				GCC_C_LANGUAGE_STANDARD = gnu11;
				GCC_DYNAMIC_NO_PIC = NO;
				GCC_NO_COMMON_BLOCKS = YES;
				GCC_OPTIMIZATION_LEVEL = 0;
				GCC_PREPROCESSOR_DEFINITIONS = (
					"DEBUG=1",
					"$(inherited)",
				);
				GCC_WARN_64_TO_32_BIT_CONVERSION = YES;
				GCC_WARN_ABOUT_RETURN_TYPE = YES_ERROR;
				GCC_WARN_UNDECLARED_SELECTOR = YES;
				GCC_WARN_UNINITIALIZED_AUTOS = YES_AGGRESSIVE;
				GCC_WARN_UNUSED_FUNCTION = YES;
				GCC_WARN_UNUSED_VARIABLE = YES;
				IPHONEOS_DEPLOYMENT_TARGET = 11.2;
				MTL_ENABLE_DEBUG_INFO = YES;
				ONLY_ACTIVE_ARCH = YES;
				SDKROOT = iphoneos;
			};
			name = Debug;
		};
		24F18383205A5B8E007E93A5 /* Release */ = {
			isa = XCBuildConfiguration;
			buildSettings = {
				ALWAYS_SEARCH_USER_PATHS = NO;
				CLANG_ANALYZER_NONNULL = YES;
				CLANG_ANALYZER_NUMBER_OBJECT_CONVERSION = YES_AGGRESSIVE;
				CLANG_CXX_LANGUAGE_STANDARD = "gnu++14";
				CLANG_CXX_LIBRARY = "libc++";
				CLANG_ENABLE_MODULES = YES;
				CLANG_ENABLE_OBJC_ARC = YES;
				CLANG_WARN_BLOCK_CAPTURE_AUTORELEASING = YES;
				CLANG_WARN_BOOL_CONVERSION = YES;
				CLANG_WARN_COMMA = YES;
				CLANG_WARN_CONSTANT_CONVERSION = YES;
				CLANG_WARN_DIRECT_OBJC_ISA_USAGE = YES_ERROR;
				CLANG_WARN_DOCUMENTATION_COMMENTS = YES;
				CLANG_WARN_EMPTY_BODY = YES;
				CLANG_WARN_ENUM_CONVERSION = YES;
				CLANG_WARN_INFINITE_RECURSION = YES;
				CLANG_WARN_INT_CONVERSION = YES;
				CLANG_WARN_NON_LITERAL_NULL_CONVERSION = YES;
				CLANG_WARN_OBJC_LITERAL_CONVERSION = YES;
				CLANG_WARN_OBJC_ROOT_CLASS = YES_ERROR;
				CLANG_WARN_RANGE_LOOP_ANALYSIS = YES;
				CLANG_WARN_STRICT_PROTOTYPES = YES;
				CLANG_WARN_SUSPICIOUS_MOVE = YES;
				CLANG_WARN_UNGUARDED_AVAILABILITY = YES_AGGRESSIVE;
				CLANG_WARN_UNREACHABLE_CODE = YES;
				CLANG_WARN__DUPLICATE_METHOD_MATCH = YES;
				CODE_SIGN_IDENTITY = "iPhone Developer";
				COPY_PHASE_STRIP = NO;
				DEBUG_INFORMATION_FORMAT = "dwarf-with-dsym";
				ENABLE_NS_ASSERTIONS = NO;
				ENABLE_STRICT_OBJC_MSGSEND = YES;
				GCC_C_LANGUAGE_STANDARD = gnu11;
				GCC_NO_COMMON_BLOCKS = YES;
				GCC_WARN_64_TO_32_BIT_CONVERSION = YES;
				GCC_WARN_ABOUT_RETURN_TYPE = YES_ERROR;
				GCC_WARN_UNDECLARED_SELECTOR = YES;
				GCC_WARN_UNINITIALIZED_AUTOS = YES_AGGRESSIVE;
				GCC_WARN_UNUSED_FUNCTION = YES;
				GCC_WARN_UNUSED_VARIABLE = YES;
				IPHONEOS_DEPLOYMENT_TARGET = 11.2;
				MTL_ENABLE_DEBUG_INFO = NO;
				SDKROOT = iphoneos;
				VALIDATE_PRODUCT = YES;
			};
			name = Release;
		};
		24F18385205A5B8E007E93A5 /* Debug */ = {
			isa = XCBuildConfiguration;
			baseConfigurationReference = BE9CF0FE1718A96CD90D15D9 /* Pods-SP_UnitTest.debug.xcconfig */;
			buildSettings = {
				ASSETCATALOG_COMPILER_APPICON_NAME = AppIcon;
				CODE_SIGN_STYLE = Automatic;
				DEVELOPMENT_TEAM = 9SJCTXDMG4;
				INFOPLIST_FILE = SP_UnitTest/Info.plist;
				LD_RUNPATH_SEARCH_PATHS = "$(inherited) @executable_path/Frameworks";
				PRODUCT_BUNDLE_IDENTIFIER = "com.lsp.SP-UnitTest";
				PRODUCT_NAME = "$(TARGET_NAME)";
				TARGETED_DEVICE_FAMILY = "1,2";
			};
			name = Debug;
		};
		24F18386205A5B8E007E93A5 /* Release */ = {
			isa = XCBuildConfiguration;
			baseConfigurationReference = 46B9B4008CDC2623A472C38A /* Pods-SP_UnitTest.release.xcconfig */;
			buildSettings = {
				ASSETCATALOG_COMPILER_APPICON_NAME = AppIcon;
				CODE_SIGN_STYLE = Automatic;
				DEVELOPMENT_TEAM = 9SJCTXDMG4;
				INFOPLIST_FILE = SP_UnitTest/Info.plist;
				LD_RUNPATH_SEARCH_PATHS = "$(inherited) @executable_path/Frameworks";
				PRODUCT_BUNDLE_IDENTIFIER = "com.lsp.SP-UnitTest";
				PRODUCT_NAME = "$(TARGET_NAME)";
				TARGETED_DEVICE_FAMILY = "1,2";
			};
			name = Release;
		};
		24F18388205A5B8E007E93A5 /* Debug */ = {
			isa = XCBuildConfiguration;
			baseConfigurationReference = 1046E7AA6AA4EF44608C40AE /* Pods-SP_UnitTestTests.debug.xcconfig */;
			buildSettings = {
				BUNDLE_LOADER = "$(TEST_HOST)";
				CODE_SIGN_STYLE = Automatic;
				DEVELOPMENT_TEAM = 9SJCTXDMG4;
				INFOPLIST_FILE = SP_UnitTestTests/Info.plist;
				LD_RUNPATH_SEARCH_PATHS = "$(inherited) @executable_path/Frameworks @loader_path/Frameworks";
				PRODUCT_BUNDLE_IDENTIFIER = "com.lsp.SP-UnitTestTests";
				PRODUCT_NAME = "$(TARGET_NAME)";
				TARGETED_DEVICE_FAMILY = "1,2";
				TEST_HOST = "$(BUILT_PRODUCTS_DIR)/SP_UnitTest.app/SP_UnitTest";
			};
			name = Debug;
		};
		24F18389205A5B8E007E93A5 /* Release */ = {
			isa = XCBuildConfiguration;
			baseConfigurationReference = 53D9266EB8BCDB13E03769CA /* Pods-SP_UnitTestTests.release.xcconfig */;
			buildSettings = {
				BUNDLE_LOADER = "$(TEST_HOST)";
				CODE_SIGN_STYLE = Automatic;
				DEVELOPMENT_TEAM = 9SJCTXDMG4;
				INFOPLIST_FILE = SP_UnitTestTests/Info.plist;
				LD_RUNPATH_SEARCH_PATHS = "$(inherited) @executable_path/Frameworks @loader_path/Frameworks";
				PRODUCT_BUNDLE_IDENTIFIER = "com.lsp.SP-UnitTestTests";
				PRODUCT_NAME = "$(TARGET_NAME)";
				TARGETED_DEVICE_FAMILY = "1,2";
				TEST_HOST = "$(BUILT_PRODUCTS_DIR)/SP_UnitTest.app/SP_UnitTest";
			};
			name = Release;
		};
		24F1838B205A5B8E007E93A5 /* Debug */ = {
			isa = XCBuildConfiguration;
			baseConfigurationReference = 778D081EB40475F6BB01EABE /* Pods-SP_UnitTestUITests.debug.xcconfig */;
			buildSettings = {
				CODE_SIGN_STYLE = Automatic;
				DEVELOPMENT_TEAM = 9SJCTXDMG4;
				INFOPLIST_FILE = SP_UnitTestUITests/Info.plist;
				LD_RUNPATH_SEARCH_PATHS = "$(inherited) @executable_path/Frameworks @loader_path/Frameworks";
				PRODUCT_BUNDLE_IDENTIFIER = "com.lsp.SP-UnitTestUITests";
				PRODUCT_NAME = "$(TARGET_NAME)";
				TARGETED_DEVICE_FAMILY = "1,2";
				TEST_TARGET_NAME = SP_UnitTest;
			};
			name = Debug;
		};
		24F1838C205A5B8E007E93A5 /* Release */ = {
			isa = XCBuildConfiguration;
			baseConfigurationReference = A9A1CD92E11AD9D6A22AA90F /* Pods-SP_UnitTestUITests.release.xcconfig */;
			buildSettings = {
				CODE_SIGN_STYLE = Automatic;
				DEVELOPMENT_TEAM = 9SJCTXDMG4;
				INFOPLIST_FILE = SP_UnitTestUITests/Info.plist;
				LD_RUNPATH_SEARCH_PATHS = "$(inherited) @executable_path/Frameworks @loader_path/Frameworks";
				PRODUCT_BUNDLE_IDENTIFIER = "com.lsp.SP-UnitTestUITests";
				PRODUCT_NAME = "$(TARGET_NAME)";
				TARGETED_DEVICE_FAMILY = "1,2";
				TEST_TARGET_NAME = SP_UnitTest;
			};
			name = Release;
		};
/* End XCBuildConfiguration section */

/* Begin XCConfigurationList section */
		24F18353205A5B8D007E93A5 /* Build configuration list for PBXProject "SP_UnitTest" */ = {
			isa = XCConfigurationList;
			buildConfigurations = (
				24F18382205A5B8E007E93A5 /* Debug */,
				24F18383205A5B8E007E93A5 /* Release */,
			);
			defaultConfigurationIsVisible = 0;
			defaultConfigurationName = Release;
		};
		24F18384205A5B8E007E93A5 /* Build configuration list for PBXNativeTarget "SP_UnitTest" */ = {
			isa = XCConfigurationList;
			buildConfigurations = (
				24F18385205A5B8E007E93A5 /* Debug */,
				24F18386205A5B8E007E93A5 /* Release */,
			);
			defaultConfigurationIsVisible = 0;
			defaultConfigurationName = Release;
		};
		24F18387205A5B8E007E93A5 /* Build configuration list for PBXNativeTarget "SP_UnitTestTests" */ = {
			isa = XCConfigurationList;
			buildConfigurations = (
				24F18388205A5B8E007E93A5 /* Debug */,
				24F18389205A5B8E007E93A5 /* Release */,
			);
			defaultConfigurationIsVisible = 0;
			defaultConfigurationName = Release;
		};
		24F1838A205A5B8E007E93A5 /* Build configuration list for PBXNativeTarget "SP_UnitTestUITests" */ = {
			isa = XCConfigurationList;
			buildConfigurations = (
				24F1838B205A5B8E007E93A5 /* Debug */,
				24F1838C205A5B8E007E93A5 /* Release */,
			);
			defaultConfigurationIsVisible = 0;
			defaultConfigurationName = Release;
		};
/* End XCConfigurationList section */
	};
	rootObject = 24F18350205A5B8D007E93A5 /* Project object */;
}
